version = 1
revision = 2
requires-python = ">=3.13"

[[package]]
name = "colorama"
version = "0.4.6"
source = { registry = "https://pypi.org/simple" }
sdist = { url = "https://files.pythonhosted.org/packages/d8/53/6f443c9a4a8358a93a6792e2acffb9d9d5cb0a5cfd8802644b7b1c9a02e4/colorama-0.4.6.tar.gz", hash = "sha256:08695f5cb7ed6e0531a20572697297273c47b8cae5a63ffc6d6ed5c201be6e44", size = 27697, upload-time = "2022-10-25T02:36:22.414Z" }
wheels = [
    { url = "https://files.pythonhosted.org/packages/d1/d6/3965ed04c63042e047cb6a3e6ed1a63a35087b6a609aa3a15ed8ac56c221/colorama-0.4.6-py2.py3-none-any.whl", hash = "sha256:4f1d9991f5acc0ca119f9d443620b77f9d6b33703e51011c16baf57afb285fc6", size = 25335, upload-time = "2022-10-25T02:36:20.889Z" },
]

[[package]]
name = "colorzero"
version = "2.0"
source = { registry = "https://pypi.org/simple" }
dependencies = [
    { name = "setuptools" },
]
sdist = { url = "https://files.pythonhosted.org/packages/b3/ca/688824a06e8c4d04c7d2fd2af2d8da27bed51af20ee5f094154e1d680334/colorzero-2.0.tar.gz", hash = "sha256:e7d5a5c26cd0dc37b164ebefc609f388de24f8593b659191e12d85f8f9d5eb58", size = 25382, upload-time = "2021-03-15T23:42:23.261Z" }
wheels = [
    { url = "https://files.pythonhosted.org/packages/7e/a6/ddd0f130e44a7593ac6c55aa93f6e256d2270fd88e9d1b64ab7f22ab8fde/colorzero-2.0-py2.py3-none-any.whl", hash = "sha256:0e60d743a6b8071498a56465f7719c96a5e92928f858bab1be2a0d606c9aa0f8", size = 26573, upload-time = "2021-03-15T23:42:21.757Z" },
]

[[package]]
name = "dunamai"
version = "1.24.1"
source = { registry = "https://pypi.org/simple" }
dependencies = [
    { name = "packaging" },
]
sdist = { url = "https://files.pythonhosted.org/packages/54/22/7f46b0146ef614cd6f80e4bcb188dabe33e90b4e0af028e16f597f5826ad/dunamai-1.24.1.tar.gz", hash = "sha256:3aa3348f77242da8628b23f11e89569343440f0f912bcef32a1fa891cf8e7215", size = 45616, upload-time = "2025-05-09T13:48:46.417Z" }
wheels = [
    { url = "https://files.pythonhosted.org/packages/1d/d6/6ed8b439906ca2e88d65bddf002e21239678aca6001d8fb82e8e2b196245/dunamai-1.24.1-py3-none-any.whl", hash = "sha256:4370e406d8ce195fc4b066b5c326bfa9adb269c4b8719b4e4fd90b63a2144bf7", size = 26654, upload-time = "2025-05-09T13:48:45.442Z" },
]

[[package]]
name = "fsspec"
version = "2025.5.1"
source = { registry = "https://pypi.org/simple" }
sdist = { url = "https://files.pythonhosted.org/packages/00/f7/27f15d41f0ed38e8fcc488584b57e902b331da7f7c6dcda53721b15838fc/fsspec-2025.5.1.tar.gz", hash = "sha256:2e55e47a540b91843b755e83ded97c6e897fa0942b11490113f09e9c443c2475", size = 303033, upload-time = "2025-05-24T12:03:23.792Z" }
wheels = [
    { url = "https://files.pythonhosted.org/packages/bb/61/78c7b3851add1481b048b5fdc29067397a1784e2910592bc81bb3f608635/fsspec-2025.5.1-py3-none-any.whl", hash = "sha256:24d3a2e663d5fc735ab256263c4075f374a174c3410c0b25e5bd1970bceaa462", size = 199052, upload-time = "2025-05-24T12:03:21.66Z" },
]

[[package]]
name = "get-version"
version = "3.5.5"
source = { registry = "https://pypi.org/simple" }
dependencies = [
    { name = "dunamai" },
]
sdist = { url = "https://files.pythonhosted.org/packages/47/66/d16f1206000cd0fffed6eb506775f94f247c7c47a760cf0958a896bad57b/get_version-3.5.5.tar.gz", hash = "sha256:3da062ef55b21dfcad798451e4c6372b00d16bf578701e61daa8e6371dd94e05", size = 17351, upload-time = "2023-10-05T08:33:11.123Z" }
wheels = [
    { url = "https://files.pythonhosted.org/packages/4a/19/bdf88598c77c5e6486ae4d0f6aa0877138ef6e267bfab0710a659075a2b2/get_version-3.5.5-py3-none-any.whl", hash = "sha256:a0748c95e846692a26f6ffb5858153c302519cc09e3c7397f7595f8d2a0d9997", size = 18199, upload-time = "2023-10-05T08:33:09.287Z" },
]

[[package]]
name = "gpiozero"
version = "2.0.1"
source = { registry = "https://pypi.org/simple" }
dependencies = [
    { name = "colorzero" },
]
sdist = { url = "https://files.pythonhosted.org/packages/e4/47/334b8db8a981eca9a0fb1e7e48e1997a5eaa8f40bb31c504299dcca0e6ff/gpiozero-2.0.1.tar.gz", hash = "sha256:d4ea1952689ec7e331f9d4ebc9adb15f1d01c2c9dcfabb72e752c9869ab7e97e", size = 136176, upload-time = "2024-02-15T11:07:02.919Z" }
wheels = [
    { url = "https://files.pythonhosted.org/packages/02/eb/6518a1b00488d48995034226846653c382d676cf5f04be62b3c3fae2c6a1/gpiozero-2.0.1-py3-none-any.whl", hash = "sha256:8f621de357171d574c0b7ea0e358cb66e560818a47b0eeedf41ce1cdbd20c70b", size = 150818, upload-time = "2024-02-15T11:07:00.451Z" },
]

[[package]]
name = "jamwatch"
version = "0.1.0"
source = { editable = "." }
dependencies = [
    { name = "fsspec" },
    { name = "get-version" },
    { name = "gpiozero" },
    { name = "loguru" },
]

[package.metadata]
requires-dist = [
    { name = "fsspec", specifier = ">=2025.5.1" },
    { name = "get-version", specifier = ">=3.5.5" },
    { name = "gpiozero", specifier = ">=2.0.1" },
    { name = "loguru", specifier = ">=0.7.3" },
]

[[package]]
name = "loguru"
version = "0.7.3"
source = { registry = "https://pypi.org/simple" }
dependencies = [
    { name = "colorama", marker = "sys_platform == 'win32'" },
    { name = "win32-setctime", marker = "sys_platform == 'win32'" },
]
sdist = { url = "https://files.pythonhosted.org/packages/3a/05/a1dae3dffd1116099471c643b8924f5aa6524411dc6c63fdae648c4f1aca/loguru-0.7.3.tar.gz", hash = "sha256:19480589e77d47b8d85b2c827ad95d49bf31b0dcde16593892eb51dd18706eb6", size = 63559, upload-time = "2024-12-06T11:20:56.608Z" }
wheels = [
    { url = "https://files.pythonhosted.org/packages/0c/29/0348de65b8cc732daa3e33e67806420b2ae89bdce2b04af740289c5c6c8c/loguru-0.7.3-py3-none-any.whl", hash = "sha256:31a33c10c8e1e10422bfd431aeb5d351c7cf7fa671e3c4df004162264b28220c", size = 61595, upload-time = "2024-12-06T11:20:54.538Z" },
]

[[package]]
name = "packaging"
version = "25.0"
source = { registry = "https://pypi.org/simple" }
sdist = { url = "https://files.pythonhosted.org/packages/a1/d4/1fc4078c65507b51b96ca8f8c3ba19e6a61c8253c72794544580a7b6c24d/packaging-25.0.tar.gz", hash = "sha256:d443872c98d677bf60f6a1f2f8c1cb748e8fe762d2bf9d3148b5599295b0fc4f", size = 165727, upload-time = "2025-04-19T11:48:59.673Z" }
wheels = [
    { url = "https://files.pythonhosted.org/packages/20/12/38679034af332785aac8774540895e234f4d07f7545804097de4b666afd8/packaging-25.0-py3-none-any.whl", hash = "sha256:29572ef2b1f17581046b3a2227d5c611fb25ec70ca1ba8554b24b0e69331a484", size = 66469, upload-time = "2025-04-19T11:48:57.875Z" },
]

[[package]]
name = "setuptools"
version = "80.9.0"
source = { registry = "https://pypi.org/simple" }
sdist = { url = "https://files.pythonhosted.org/packages/18/5d/3bf57dcd21979b887f014ea83c24ae194cfcd12b9e0fda66b957c69d1fca/setuptools-80.9.0.tar.gz", hash = "sha256:f36b47402ecde768dbfafc46e8e4207b4360c654f1f3bb84475f0a28628fb19c", size = 1319958, upload-time = "2025-05-27T00:56:51.443Z" }
wheels = [
    { url = "https://files.pythonhosted.org/packages/a3/dc/17031897dae0efacfea57dfd3a82fdd2a2aeb58e0ff71b77b87e44edc772/setuptools-80.9.0-py3-none-any.whl", hash = "sha256:062d34222ad13e0cc312a4c02d73f059e86a4acbfbdea8f8f76b28c99f306922", size = 1201486, upload-time = "2025-05-27T00:56:49.664Z" },
]

[[package]]
name = "win32-setctime"
version = "1.2.0"
source = { registry = "https://pypi.org/simple" }
sdist = { url = "https://files.pythonhosted.org/packages/b3/8f/705086c9d734d3b663af0e9bb3d4de6578d08f46b1b101c2442fd9aecaa2/win32_setctime-1.2.0.tar.gz", hash = "sha256:ae1fdf948f5640aae05c511ade119313fb6a30d7eabe25fef9764dca5873c4c0", size = 4867, upload-time = "2024-12-07T15:28:28.314Z" }
wheels = [
    { url = "https://files.pythonhosted.org/packages/e1/07/c6fe3ad3e685340704d314d765b7912993bcb8dc198f0e7a89382d37974b/win32_setctime-1.2.0-py3-none-any.whl", hash = "sha256:95d644c4e708aba81dc3704a116d8cbc974d70b3bdb8be1d150e36be6e9d1390", size = 4083, upload-time = "2024-12-07T15:28:26.465Z" },
]
